
Microsoft Visual Studio Solution File, Format Version 12.00
# Visual Studio Version 16
VisualStudioVersion = 16.0.29728.190
MinimumVisualStudioVersion = 10.0.40219.1
Project("{FAE04EC0-301F-11D3-BF4B-00C04F79EFBC}") = "3laba", "3laba\3laba.csproj", "{0112AF91-6215-45BB-8F64-28B5DEC5D1BD}"
EndProject
Global
	GlobalSection(SolutionConfigurationPlatforms) = preSolution
		Debug|Any CPU = Debug|Any CPU
		Release|Any CPU = Release|Any CPU
	EndGlobalSection
	GlobalSection(ProjectConfigurationPlatforms) = postSolution
		{0112AF91-6215-45BB-8F64-28B5DEC5D1BD}.Debug|Any CPU.ActiveCfg = Debug|Any CPU
		{0112AF91-6215-45BB-8F64-28B5DEC5D1BD}.Debug|Any CPU.Build.0 = Debug|Any CPU
		{0112AF91-6215-45BB-8F64-28B5DEC5D1BD}.Release|Any CPU.ActiveCfg = Release|Any CPU
		{0112AF91-6215-45BB-8F64-28B5DEC5D1BD}.Release|Any CPU.Build.0 = Release|Any CPU
	EndGlobalSection
	GlobalSection(SolutionProperties) = preSolution
		HideSolutionNode = FALSE
	EndGlobalSection
	GlobalSection(ExtensibilityGlobals) = postSolution
		SolutionGuid = {AB96CB74-D6CA-4F38-BA79-F7582BB63087}
	EndGlobalSection
EndGlobal
